
Microsoft Visual Studio Solution File, Format Version 12.00
# Visual Studio Version 16
VisualStudioVersion = 16.0.28922.388
MinimumVisualStudioVersion = 10.0.40219.1
Project("{FAE04EC0-301F-11D3-BF4B-00C04F79EFBC}") = "fullVk", "fullVk\fullVk.csproj", "{127BFA8B-E673-47DA-B4A9-CE54B487E4C9}"
EndProject
Project("{FAE04EC0-301F-11D3-BF4B-00C04F79EFBC}") = "VkPlayer", "..\VkPlayer\VkPlayer.csproj", "{CC4602DB-BE6E-43D4-8E95-A87870168EF9}"
EndProject
Global
	GlobalSection(SolutionConfigurationPlatforms) = preSolution
		Debug|Any CPU = Debug|Any CPU
		Debug|x64 = Debug|x64
		Debug|x86 = Debug|x86
		Release|Any CPU = Release|Any CPU
		Release|x64 = Release|x64
		Release|x86 = Release|x86
	EndGlobalSection
	GlobalSection(ProjectConfigurationPlatforms) = postSolution
		{127BFA8B-E673-47DA-B4A9-CE54B487E4C9}.Debug|Any CPU.ActiveCfg = Debug|Any CPU
		{127BFA8B-E673-47DA-B4A9-CE54B487E4C9}.Debug|Any CPU.Build.0 = Debug|Any CPU
		{127BFA8B-E673-47DA-B4A9-CE54B487E4C9}.Debug|x64.ActiveCfg = Debug|x64
		{127BFA8B-E673-47DA-B4A9-CE54B487E4C9}.Debug|x64.Build.0 = Debug|x64
		{127BFA8B-E673-47DA-B4A9-CE54B487E4C9}.Debug|x86.ActiveCfg = Debug|x86
		{127BFA8B-E673-47DA-B4A9-CE54B487E4C9}.Debug|x86.Build.0 = Debug|x86
		{127BFA8B-E673-47DA-B4A9-CE54B487E4C9}.Release|Any CPU.ActiveCfg = Release|Any CPU
		{127BFA8B-E673-47DA-B4A9-CE54B487E4C9}.Release|Any CPU.Build.0 = Release|Any CPU
		{127BFA8B-E673-47DA-B4A9-CE54B487E4C9}.Release|x64.ActiveCfg = Release|x64
		{127BFA8B-E673-47DA-B4A9-CE54B487E4C9}.Release|x64.Build.0 = Release|x64
		{127BFA8B-E673-47DA-B4A9-CE54B487E4C9}.Release|x86.ActiveCfg = Release|x86
		{127BFA8B-E673-47DA-B4A9-CE54B487E4C9}.Release|x86.Build.0 = Release|x86
		{CC4602DB-BE6E-43D4-8E95-A87870168EF9}.Debug|Any CPU.ActiveCfg = Debug|Any CPU
		{CC4602DB-BE6E-43D4-8E95-A87870168EF9}.Debug|Any CPU.Build.0 = Debug|Any CPU
		{CC4602DB-BE6E-43D4-8E95-A87870168EF9}.Debug|x64.ActiveCfg = Debug|Any CPU
		{CC4602DB-BE6E-43D4-8E95-A87870168EF9}.Debug|x64.Build.0 = Debug|Any CPU
		{CC4602DB-BE6E-43D4-8E95-A87870168EF9}.Debug|x86.ActiveCfg = Debug|Any CPU
		{CC4602DB-BE6E-43D4-8E95-A87870168EF9}.Debug|x86.Build.0 = Debug|Any CPU
		{CC4602DB-BE6E-43D4-8E95-A87870168EF9}.Release|Any CPU.ActiveCfg = Release|Any CPU
		{CC4602DB-BE6E-43D4-8E95-A87870168EF9}.Release|Any CPU.Build.0 = Release|Any CPU
		{CC4602DB-BE6E-43D4-8E95-A87870168EF9}.Release|x64.ActiveCfg = Release|Any CPU
		{CC4602DB-BE6E-43D4-8E95-A87870168EF9}.Release|x64.Build.0 = Release|Any CPU
		{CC4602DB-BE6E-43D4-8E95-A87870168EF9}.Release|x86.ActiveCfg = Release|Any CPU
		{CC4602DB-BE6E-43D4-8E95-A87870168EF9}.Release|x86.Build.0 = Release|Any CPU
	EndGlobalSection
	GlobalSection(SolutionProperties) = preSolution
		HideSolutionNode = FALSE
	EndGlobalSection
	GlobalSection(ExtensibilityGlobals) = postSolution
		SolutionGuid = {66D5E17A-4C4E-47F2-905E-DB3A0CEA8FA8}
	EndGlobalSection
EndGlobal
